
Microsoft Visual Studio Solution File, Format Version 12.00
# Visual Studio 15
VisualStudioVersion = 15.0.28307.572
MinimumVisualStudioVersion = 10.0.40219.1
Project("{FAE04EC0-301F-11D3-BF4B-00C04F79EFBC}") = "c0739297", "c0739297\c0739297.csproj", "{1920A968-A226-4A93-B055-E6EBB7B992C2}"
EndProject
Global
	GlobalSection(SolutionConfigurationPlatforms) = preSolution
		Debug|Any CPU = Debug|Any CPU
		Release|Any CPU = Release|Any CPU
	EndGlobalSection
	GlobalSection(ProjectConfigurationPlatforms) = postSolution
		{1920A968-A226-4A93-B055-E6EBB7B992C2}.Debug|Any CPU.ActiveCfg = Debug|Any CPU
		{1920A968-A226-4A93-B055-E6EBB7B992C2}.Debug|Any CPU.Build.0 = Debug|Any CPU
		{1920A968-A226-4A93-B055-E6EBB7B992C2}.Release|Any CPU.ActiveCfg = Release|Any CPU
		{1920A968-A226-4A93-B055-E6EBB7B992C2}.Release|Any CPU.Build.0 = Release|Any CPU
	EndGlobalSection
	GlobalSection(SolutionProperties) = preSolution
		HideSolutionNode = FALSE
	EndGlobalSection
	GlobalSection(ExtensibilityGlobals) = postSolution
		SolutionGuid = {05465A5D-5230-42D4-A87A-4FE66318AF13}
	EndGlobalSection
EndGlobal
